{
    "_meta": {
        "hash": {
            "sha256": "c8dd45f6f8b9b068d6a5771d9643a21960d7562b4332226bf6008bc736b27c55"
        },
        "pipfile-spec": 6,
        "requires": {},
        "sources": [
            {
                "name": "pypi",
                "url": "https://pypi.python.org/simple",
                "verify_ssl": true
            }
        ]
    },
    "default": {
        "argh": {
            "hashes": [
                "sha256:a9b3aaa1904eeb78e32394cd46c6f37ac0fb4af6dc488daa58971bdc7d7fcaf3",
                "sha256:e9535b8c84dc9571a48999094fda7f33e63c3f1b74f3e5f3ac0105a58405bb65"
            ],
            "version": "==0.26.2"
        },
        "arrow": {
            "hashes": [
                "sha256:a558d3b7b6ce7ffc74206a86c147052de23d3d4ef0e17c210dd478c53575c4cd"
            ],
            "version": "==0.12.1"
        },
        "awesome-slugify": {
            "hashes": [
                "sha256:bbdec3fa2187917473a2efad092b57f7125a55f841a7cf6a1773178d32ccfd71"
            ],
            "version": "==1.6.5"
        },
        "cffi": {
            "hashes": [
                "sha256:151b7eefd035c56b2b2e1eb9963c90c6302dc15fbd8c1c0a83a163ff2c7d7743",
                "sha256:1553d1e99f035ace1c0544050622b7bc963374a00c467edafac50ad7bd276aef",
                "sha256:1b0493c091a1898f1136e3f4f991a784437fac3673780ff9de3bcf46c80b6b50",
                "sha256:2ba8a45822b7aee805ab49abfe7eec16b90587f7f26df20c71dd89e45a97076f",
                "sha256:3bb6bd7266598f318063e584378b8e27c67de998a43362e8fce664c54ee52d30",
                "sha256:3c85641778460581c42924384f5e68076d724ceac0f267d66c757f7535069c93",
                "sha256:3eb6434197633b7748cea30bf0ba9f66727cdce45117a712b29a443943733257",
                "sha256:495c5c2d43bf6cebe0178eb3e88f9c4aa48d8934aa6e3cddb865c058da76756b",
                "sha256:4c91af6e967c2015729d3e69c2e51d92f9898c330d6a851bf8f121236f3defd3",
                "sha256:57b2533356cb2d8fac1555815929f7f5f14d68ac77b085d2326b571310f34f6e",
                "sha256:770f3782b31f50b68627e22f91cb182c48c47c02eb405fd689472aa7b7aa16dc",
                "sha256:79f9b6f7c46ae1f8ded75f68cf8ad50e5729ed4d590c74840471fc2823457d04",
                "sha256:7a33145e04d44ce95bcd71e522b478d282ad0eafaf34fe1ec5bbd73e662f22b6",
                "sha256:857959354ae3a6fa3da6651b966d13b0a8bed6bbc87a0de7b38a549db1d2a359",
                "sha256:87f37fe5130574ff76c17cab61e7d2538a16f843bb7bca8ebbc4b12de3078596",
                "sha256:95d5251e4b5ca00061f9d9f3d6fe537247e145a8524ae9fd30a2f8fbce993b5b",
                "sha256:9d1d3e63a4afdc29bd76ce6aa9d58c771cd1599fbba8cf5057e7860b203710dd",
                "sha256:a36c5c154f9d42ec176e6e620cb0dd275744aa1d804786a71ac37dc3661a5e95",
                "sha256:a6a5cb8809091ec9ac03edde9304b3ad82ad4466333432b16d78ef40e0cce0d5",
                "sha256:ae5e35a2c189d397b91034642cb0eab0e346f776ec2eb44a49a459e6615d6e2e",
                "sha256:b0f7d4a3df8f06cf49f9f121bead236e328074de6449866515cea4907bbc63d6",
                "sha256:b75110fb114fa366b29a027d0c9be3709579602ae111ff61674d28c93606acca",
                "sha256:ba5e697569f84b13640c9e193170e89c13c6244c24400fc57e88724ef610cd31",
                "sha256:be2a9b390f77fd7676d80bc3cdc4f8edb940d8c198ed2d8c0be1319018c778e1",
                "sha256:ca1bd81f40adc59011f58159e4aa6445fc585a32bb8ac9badf7a2c1aa23822f2",
                "sha256:d5d8555d9bfc3f02385c1c37e9f998e2011f0db4f90e250e5bc0c0a85a813085",
                "sha256:e55e22ac0a30023426564b1059b035973ec82186ddddbac867078435801c7801",
                "sha256:e90f17980e6ab0f3c2f3730e56d1fe9bcba1891eeea58966e89d352492cc74f4",
                "sha256:ecbb7b01409e9b782df5ded849c178a0aa7c906cf8c5a67368047daab282b184",
                "sha256:ed01918d545a38998bfa5902c7c00e0fee90e957ce036a4000a88e3fe2264917",
                "sha256:edabd457cd23a02965166026fd9bfd196f4324fe6032e866d0f3bd0301cd486f",
                "sha256:fdf1c1dc5bafc32bc5d08b054f94d659422b05aba244d6be4ddc1c72d9aa70fb"
            ],
            "version": "==1.11.5"
        },
        "click": {
            "hashes": [
                "sha256:29f99fc6125fbc931b758dc053b3114e55c77a6e4c6c3a2674a2dc986016381d",
                "sha256:f15516df478d5a56180fbf80e68f206010e6d160fc39fa508b65e035fd75130b"
            ],
            "version": "==6.7"
        },
        "flask": {
            "hashes": [
                "sha256:2271c0070dbcb5275fad4a82e29f23ab92682dc45f9dfbc22c02ba9b9322ce48",
                "sha256:a080b744b7e345ccfcbc77954861cb05b3c63786e93f2b3875e0913d44b43f05"
            ],
            "version": "==1.0.2"
        },
        "flask-caching": {
            "hashes": [
                "sha256:44fe827c6cc519d48fb0945fa05ae3d128af9a98f2a6e71d4702fd512534f227",
                "sha256:e34f24631ba240e09fe6241e1bf652863e0cff06a1a94598e23be526bc2e4985"
            ],
            "version": "==1.4.0"
        },
        "gunicorn": {
            "hashes": [
                "sha256:aa8e0b40b4157b36a5df5e599f45c9c76d6af43845ba3b3b0efe2c70473c2471",
                "sha256:fa2662097c66f920f53f70621c6c58ca4a3c4d3434205e608e121b5b3b71f4f3"
            ],
            "index": "pypi",
            "version": "==19.9.0"
        },
        "itsdangerous": {
            "hashes": [
                "sha256:cbb3fcf8d3e33df861709ecaf89d9e6629cff0a217bc2848f1b41cd30d360519"
            ],
            "version": "==0.24"
        },
        "jinja2": {
            "hashes": [
                "sha256:74c935a1b8bb9a3947c50a54766a969d4846290e1e788ea44c1392163723c3bd",
                "sha256:f84be1bb0040caca4cea721fcbbbbd61f9be9464ca236387158b0feea01914a4"
            ],
            "version": "==2.10"
        },
        "markupsafe": {
            "hashes": [
                "sha256:a6be69091dac236ea9c6bc7d012beab42010fa914c459791d627dad4910eb665"
            ],
            "version": "==1.0"
        },
        "misaka": {
            "hashes": [
                "sha256:87637d90f5f52595d07ed1be93d0576d32632d125694b96b8e4ce55cd4c019fb"
            ],
            "version": "==2.1.0"
        },
        "pathtools": {
            "hashes": [
                "sha256:7c35c5421a39bb82e58018febd90e3b6e5db34c5443aaaf742b3f33d4655f1c0"
            ],
            "version": "==0.1.2"
        },
        "peewee": {
            "hashes": [
                "sha256:538d7b7f892e59ecbef6eeefb867fd37f20ac77e602b4ee94b2766836cfa24ba"
            ],
            "version": "==3.6.4"
        },
        "pillow": {
            "hashes": [
                "sha256:00def5b638994f888d1058e4d17c86dec8e1113c3741a0a8a659039aec59a83a",
                "sha256:026449b64e559226cdb8e6d8c931b5965d8fc90ec18ebbb0baa04c5b36503c72",
                "sha256:03dbb224ee196ef30ed2156d41b579143e1efeb422974719a5392fc035e4f574",
                "sha256:03eb0e04f929c102ae24bc436bf1c0c60a4e63b07ebd388e84d8b219df3e6acd",
                "sha256:1be66b9a89e367e7d20d6cae419794997921fe105090fafd86ef39e20a3baab2",
                "sha256:1e977a3ed998a599bda5021fb2c2889060617627d3ae228297a529a082a3cd5c",
                "sha256:22cf3406d135cfcc13ec6228ade774c8461e125c940e80455f500638429be273",
                "sha256:24adccf1e834f82718c7fc8e3ec1093738da95144b8b1e44c99d5fc7d3e9c554",
                "sha256:2a3e362c97a5e6a259ee9cd66553292a1f8928a5bdfa3622fdb1501570834612",
                "sha256:3832e26ecbc9d8a500821e3a1d3765bda99d04ae29ffbb2efba49f5f788dc934",
                "sha256:4fd1f0c2dc02aaec729d91c92cd85a2df0289d88e9f68d1e8faba750bb9c4786",
                "sha256:4fda62030f2c515b6e2e673c57caa55cb04026a81968f3128aae10fc28e5cc27",
                "sha256:5044d75a68b49ce36a813c82d8201384207112d5d81643937fc758c05302f05b",
                "sha256:522184556921512ec484cb93bd84e0bab915d0ac5a372d49571c241a7f73db62",
                "sha256:5914cff11f3e920626da48e564be6818831713a3087586302444b9c70e8552d9",
                "sha256:6661a7908d68c4a133e03dac8178287aa20a99f841ea90beeb98a233ae3fd710",
                "sha256:79258a8df3e309a54c7ef2ef4a59bb8e28f7e4a8992a3ad17c24b1889ced44f3",
                "sha256:7d74c20b8f1c3e99d3f781d3b8ff5abfefdd7363d61e23bdeba9992ff32cc4b4",
                "sha256:81918afeafc16ba5d9d0d4e9445905f21aac969a4ebb6f2bff4b9886da100f4b",
                "sha256:8194d913ca1f459377c8a4ed8f9b7ad750068b8e0e3f3f9c6963fcc87a84515f",
                "sha256:84d5d31200b11b3c76fab853b89ac898bf2d05c8b3da07c1fcc23feb06359d6e",
                "sha256:989981db57abffb52026b114c9a1f114c7142860a6d30a352d28f8cbf186500b",
                "sha256:a3d7511d3fad1618a82299aab71a5fceee5c015653a77ffea75ced9ef917e71a",
                "sha256:b3ef168d4d6fd4fa6685aef7c91400f59f7ab1c0da734541f7031699741fb23f",
                "sha256:c1c5792b6e74bbf2af0f8e892272c2a6c48efa895903211f11b8342e03129fea",
                "sha256:c5dcb5a56aebb8a8f2585042b2f5c496d7624f0bcfe248f0cc33ceb2fd8d39e7",
                "sha256:e2bed4a04e2ca1050bb5f00865cf2f83c0b92fd62454d9244f690fcd842e27a4",
                "sha256:e87a527c06319428007e8c30511e1f0ce035cb7f14bb4793b003ed532c3b9333",
                "sha256:f63e420180cbe22ff6e32558b612e75f50616fc111c5e095a4631946c782e109",
                "sha256:f8b3d413c5a8f84b12cd4c5df1d8e211777c9852c6be3ee9c094b626644d3eab"
            ],
            "version": "==5.2.0"
        },
        "publ": {
            "hashes": [
                "sha256:3e88b43e4c403fbab3d34ca96ec11bec0593656bc2e7fd7c8987505c76878986",
                "sha256:420c9fb6cb87ea1e605a4c180a354cbb8ab8531884f9db463836de7dffed9bd8"
            ],
            "index": "pypi",
            "version": "==0.2.1"
        },
        "pycparser": {
            "hashes": [
                "sha256:99a8ca03e29851d96616ad0404b4aad7d9ee16f25c9f9708a11faf2810f7b226"
            ],
            "version": "==2.18"
        },
        "pygments": {
            "hashes": [
                "sha256:78f3f434bcc5d6ee09020f92ba487f95ba50f1e3ef83ae96b9d5ffa1bab25c5d",
                "sha256:dbae1046def0efb574852fab9e90209b23f556367b5a320c0bcb871c77c3e8cc"
            ],
            "version": "==2.2.0"
        },
        "python-dateutil": {
            "hashes": [
                "sha256:1adb80e7a782c12e52ef9a8182bebeb73f1d7e24e374397af06fb4956c8dc5c0",
                "sha256:e27001de32f627c22380a688bcc43ce83504a7bc5da472209b4c70f02829f0b8"
            ],
            "version": "==2.7.3"
        },
        "pyyaml": {
            "hashes": [
                "sha256:3d7da3009c0f3e783b2c873687652d83b1bbfd5c88e9813fb7e5b03c0dd3108b",
                "sha256:3ef3092145e9b70e3ddd2c7ad59bdd0252a94dfe3949721633e41344de00a6bf",
                "sha256:40c71b8e076d0550b2e6380bada1f1cd1017b882f7e16f09a65be98e017f211a",
                "sha256:558dd60b890ba8fd982e05941927a3911dc409a63dcb8b634feaa0cda69330d3",
                "sha256:a7c28b45d9f99102fa092bb213aa12e0aaf9a6a1f5e395d36166639c1f96c3a1",
                "sha256:aa7dd4a6a427aed7df6fb7f08a580d68d9b118d90310374716ae90b710280af1",
                "sha256:bc558586e6045763782014934bfaf39d48b8ae85a2713117d16c39864085c613",
                "sha256:d46d7982b62e0729ad0175a9bc7e10a566fc07b224d2c79fafb5e032727eaa04",
                "sha256:d5eef459e30b09f5a098b9cea68bebfeb268697f78d647bd255a085371ac7f3f",
                "sha256:e01d3203230e1786cd91ccfdc8f8454c8069c91bee3962ad93b87a4b2860f537",
                "sha256:e170a9e6fcfd19021dd29845af83bb79236068bf5fd4df3327c1be18182b2531"
            ],
            "version": "==3.13"
        },
        "regex": {
            "hashes": [
                "sha256:060bf5f9c0311794bde90294b858830684861aee9c1f22ef5ce20d8fabf05a4e",
                "sha256:0f7cbe57eed5429b8f4295b338ab6492338ec9793e363216bdfba905ae82c7c0",
                "sha256:19a76b228cbf13024bbe098da8563fc5f4831271531d5e4d9d289c68c1b01233",
                "sha256:22cdfa574fa85bf536ed9197a9796962e1c131c736fc0aa9dd24045f3e333304",
                "sha256:4d3323f434782185d0b89f34ba6c125f19e3bfe5e099a72c1e33e7cfd43013d2",
                "sha256:56494baf1ed525deea426d3676b1ae3fdcc906b55eccfcb4ea928453e11f2a43",
                "sha256:5c896c51b06c96d9d5e1c41495fd0fbe92f711225b889e2faef534f0a697f0db",
                "sha256:5f1838807ced5c5fa011e3f935568ff59e0b2e6c83119668b961e3bb383e12f6",
                "sha256:5f3ab6220d9c191392563c9727552fd3c1f3a3566180a64717d37554ad7414b7",
                "sha256:7c90d56daeb64371670e528bd08a6e722a025a508effa84842d6c66727e7e422",
                "sha256:98179516aa75ef0e9ecbda8cd4b14f6e4186e32da3fc21466edd25c917fd8110",
                "sha256:c7a5613e903937c73d02f9b3b4b4dce0275fd6909295939a9f3ea50dbf6a2d4e",
                "sha256:d8945dba30c1070c398ad2e0356aa0dd55d87129fa9bac2cd885ca95ff92a555",
                "sha256:e45c34102da4621eee9fc25df1651129ab3adcc1f754bb77ea329aea39c2288c",
                "sha256:eb5a96f142f0bb4ac37b8e8a334c234c48b571324b385cf2d66a84522d5ec075"
            ],
            "version": "==2018.8.17"
        },
        "six": {
            "hashes": [
                "sha256:70e8a77beed4562e7f14fe23a786b54f6296e34344c23bc42f07b15018ff98e9",
                "sha256:832dc0e10feb1aa2c68dcc57dbb658f1c7e65b9b61af69048abc87a2db00a0eb"
            ],
            "version": "==1.11.0"
        },
        "unidecode": {
            "hashes": [
                "sha256:280a6ab88e1f2eb5af79edff450021a0d3f0448952847cd79677e55e58bad051",
                "sha256:61f807220eda0203a774a09f84b4304a3f93b5944110cc132af29ddb81366883"
            ],
            "version": "==0.4.21"
        },
        "watchdog": {
            "hashes": [
                "sha256:7e65882adb7746039b6f3876ee174952f8eaaa34491ba34333ddf1fe35de4162"
            ],
            "version": "==0.8.3"
        },
        "werkzeug": {
            "hashes": [
                "sha256:c3fd7a7d41976d9f44db327260e263132466836cef6f91512889ed60ad26557c",
                "sha256:d5da73735293558eb1651ee2fddc4d0dedcfa06538b8813a2e20011583c9e49b"
            ],
            "version": "==0.14.1"
        }
    },
    "develop": {}
}
